Microsoft Visual Studio Solution File, Format Version 12.00
# Visual Studio Version 17
VisualStudioVersion = 17.5.2.0
MinimumVisualStudioVersion = 10.0.40219.1
Project("{FAE04EC0-301F-11D3-BF4B-00C04F79EFBC}") = "ShiftScheduler", "ShiftScheduler.csproj", "{13C3F7B0-F7FE-7AFA-43C2-45E48AC2D67C}"
EndProject
Global
	GlobalSection(SolutionConfigurationPlatforms) = preSolution
		Debug|Any CPU = Debug|Any CPU
		Release|Any CPU = Release|Any CPU
	EndGlobalSection
	GlobalSection(ProjectConfigurationPlatforms) = postSolution
		{13C3F7B0-F7FE-7AFA-43C2-45E48AC2D67C}.Debug|Any CPU.ActiveCfg = Debug|Any CPU
		{13C3F7B0-F7FE-7AFA-43C2-45E48AC2D67C}.Debug|Any CPU.Build.0 = Debug|Any CPU
		{13C3F7B0-F7FE-7AFA-43C2-45E48AC2D67C}.Release|Any CPU.ActiveCfg = Release|Any CPU
		{13C3F7B0-F7FE-7AFA-43C2-45E48AC2D67C}.Release|Any CPU.Build.0 = Release|Any CPU
	EndGlobalSection
	GlobalSection(SolutionProperties) = preSolution
		HideSolutionNode = FALSE
	EndGlobalSection
	GlobalSection(ExtensibilityGlobals) = postSolution
		SolutionGuid = {C365C12B-0601-492D-AB22-A8C74A3BB51F}
	EndGlobalSection
EndGlobal
